// !$*UTF8*$!
{
	archiveVersion = 1;
	classes = {
	};
	objectVersion = 56;
	objects = {

/* Begin PBXBuildFile section */
		8349A89E2926FF5F00D5B9C2 /* AddView.swift in Sources */ = {isa = PBXBuildFile; fileRef = 8349A89D2926FF5F00D5B9C2 /* AddView.swift */; };
		8349A8A1292706E800D5B9C2 /* ItemModel.swift in Sources */ = {isa = PBXBuildFile; fileRef = 8349A8A0292706E800D5B9C2 /* ItemModel.swift */; };
		83CF95192926934D00772624 /* Do_ItApp.swift in Sources */ = {isa = PBXBuildFile; fileRef = 83CF95182926934D00772624 /* Do_ItApp.swift */; };
		83CF951D2926934E00772624 /* Assets.xcassets in Resources */ = {isa = PBXBuildFile; fileRef = 83CF951C2926934E00772624 /* Assets.xcassets */; };
		83CF95202926934E00772624 /* Preview Assets.xcassets in Resources */ = {isa = PBXBuildFile; fileRef = 83CF951F2926934E00772624 /* Preview Assets.xcassets */; };
		83CF952A2926934E00772624 /* Do_ItTests.swift in Sources */ = {isa = PBXBuildFile; fileRef = 83CF95292926934E00772624 /* Do_ItTests.swift */; };
		83CF95342926934E00772624 /* Do_ItUITests.swift in Sources */ = {isa = PBXBuildFile; fileRef = 83CF95332926934E00772624 /* Do_ItUITests.swift */; };
		83CF95362926934E00772624 /* Do_ItUITestsLaunchTests.swift in Sources */ = {isa = PBXBuildFile; fileRef = 83CF95352926934E00772624 /* Do_ItUITestsLaunchTests.swift */; };
		83CF9544292693F100772624 /* ListView.swift in Sources */ = {isa = PBXBuildFile; fileRef = 83CF9543292693F100772624 /* ListView.swift */; };
		83CF95462926955700772624 /* ListRowView.swift in Sources */ = {isa = PBXBuildFile; fileRef = 83CF95452926955700772624 /* ListRowView.swift */; };
/* End PBXBuildFile section */

/* Begin PBXContainerItemProxy section */
		83CF95262926934E00772624 /* PBXContainerItemProxy */ = {
			isa = PBXContainerItemProxy;
			containerPortal = 83CF950D2926934D00772624 /* Project object */;
			proxyType = 1;
			remoteGlobalIDString = 83CF95142926934D00772624;
			remoteInfo = "Do It";
		};
		83CF95302926934E00772624 /* PBXContainerItemProxy */ = {
			isa = PBXContainerItemProxy;
			containerPortal = 83CF950D2926934D00772624 /* Project object */;
			proxyType = 1;
			remoteGlobalIDString = 83CF95142926934D00772624;
			remoteInfo = "Do It";
		};
/* End PBXContainerItemProxy section */

/* Begin PBXFileReference section */
		8349A89D2926FF5F00D5B9C2 /* AddView.swift */ = {isa = PBXFileReference; lastKnownFileType = sourcecode.swift; path = AddView.swift; sourceTree = "<group>"; };
		8349A8A0292706E800D5B9C2 /* ItemModel.swift */ = {isa = PBXFileReference; lastKnownFileType = sourcecode.swift; path = ItemModel.swift; sourceTree = "<group>"; };
		83CF95152926934D00772624 /* Do It.app */ = {isa = PBXFileReference; explicitFileType = wrapper.application; includeInIndex = 0; path = "Do It.app"; sourceTree = BUILT_PRODUCTS_DIR; };
		83CF95182926934D00772624 /* Do_ItApp.swift */ = {isa = PBXFileReference; lastKnownFileType = sourcecode.swift; path = Do_ItApp.swift; sourceTree = "<group>"; };
		83CF951C2926934E00772624 /* Assets.xcassets */ = {isa = PBXFileReference; lastKnownFileType = folder.assetcatalog; path = Assets.xcassets; sourceTree = "<group>"; };
		83CF951F2926934E00772624 /* Preview Assets.xcassets */ = {isa = PBXFileReference; lastKnownFileType = folder.assetcatalog; path = "Preview Assets.xcassets"; sourceTree = "<group>"; };
		83CF95252926934E00772624 /* Do ItTests.xctest */ = {isa = PBXFileReference; explicitFileType = wrapper.cfbundle; includeInIndex = 0; path = "Do ItTests.xctest"; sourceTree = BUILT_PRODUCTS_DIR; };
		83CF95292926934E00772624 /* Do_ItTests.swift */ = {isa = PBXFileReference; lastKnownFileType = sourcecode.swift; path = Do_ItTests.swift; sourceTree = "<group>"; };
		83CF952F2926934E00772624 /* Do ItUITests.xctest */ = {isa = PBXFileReference; explicitFileType = wrapper.cfbundle; includeInIndex = 0; path = "Do ItUITests.xctest"; sourceTree = BUILT_PRODUCTS_DIR; };
		83CF95332926934E00772624 /* Do_ItUITests.swift */ = {isa = PBXFileReference; lastKnownFileType = sourcecode.swift; path = Do_ItUITests.swift; sourceTree = "<group>"; };
		83CF95352926934E00772624 /* Do_ItUITestsLaunchTests.swift */ = {isa = PBXFileReference; lastKnownFileType = sourcecode.swift; path = Do_ItUITestsLaunchTests.swift; sourceTree = "<group>"; };
		83CF9543292693F100772624 /* ListView.swift */ = {isa = PBXFileReference; lastKnownFileType = sourcecode.swift; path = ListView.swift; sourceTree = "<group>"; };
		83CF95452926955700772624 /* ListRowView.swift */ = {isa = PBXFileReference; lastKnownFileType = sourcecode.swift; path = ListRowView.swift; sourceTree = "<group>"; };
/* End PBXFileReference section */

/* Begin PBXFrameworksBuildPhase section */
		83CF95122926934D00772624 /* Frameworks */ = {
			isa = PBXFrameworksBuildPhase;
			buildActionMask = 2147483647;
			files = (
			);
			runOnlyForDeploymentPostprocessing = 0;
		};
		83CF95222926934E00772624 /* Frameworks */ = {
			isa = PBXFrameworksBuildPhase;
			buildActionMask = 2147483647;
			files = (
			);
			runOnlyForDeploymentPostprocessing = 0;
		};
		83CF952C2926934E00772624 /* Frameworks */ = {
			isa = PBXFrameworksBuildPhase;
			buildActionMask = 2147483647;
			files = (
			);
			runOnlyForDeploymentPostprocessing = 0;
		};
/* End PBXFrameworksBuildPhase section */

/* Begin PBXGroup section */
		8349A89F292706D500D5B9C2 /* Models */ = {
			isa = PBXGroup;
			children = (
				8349A8A0292706E800D5B9C2 /* ItemModel.swift */,
			);
			path = Models;
			sourceTree = "<group>";
		};
		83CF950C2926934D00772624 = {
			isa = PBXGroup;
			children = (
				83CF95172926934D00772624 /* Do It */,
				83CF95282926934E00772624 /* Do ItTests */,
				83CF95322926934E00772624 /* Do ItUITests */,
				83CF95162926934D00772624 /* Products */,
			);
			sourceTree = "<group>";
		};
		83CF95162926934D00772624 /* Products */ = {
			isa = PBXGroup;
			children = (
				83CF95152926934D00772624 /* Do It.app */,
				83CF95252926934E00772624 /* Do ItTests.xctest */,
				83CF952F2926934E00772624 /* Do ItUITests.xctest */,
			);
			name = Products;
			sourceTree = "<group>";
		};
		83CF95172926934D00772624 /* Do It */ = {
			isa = PBXGroup;
			children = (
				83CF95182926934D00772624 /* Do_ItApp.swift */,
				83CF951C2926934E00772624 /* Assets.xcassets */,
				83CF9542292693C500772624 /* Views */,
				8349A89F292706D500D5B9C2 /* Models */,
				83CF951E2926934E00772624 /* Preview Content */,
			);
			path = "Do It";
			sourceTree = "<group>";
		};
		83CF951E2926934E00772624 /* Preview Content */ = {
			isa = PBXGroup;
			children = (
				83CF951F2926934E00772624 /* Preview Assets.xcassets */,
			);
			path = "Preview Content";
			sourceTree = "<group>";
		};
		83CF95282926934E00772624 /* Do ItTests */ = {
			isa = PBXGroup;
			children = (
				83CF95292926934E00772624 /* Do_ItTests.swift */,
			);
			path = "Do ItTests";
			sourceTree = "<group>";
		};
		83CF95322926934E00772624 /* Do ItUITests */ = {
			isa = PBXGroup;
			children = (
				83CF95332926934E00772624 /* Do_ItUITests.swift */,
				83CF95352926934E00772624 /* Do_ItUITestsLaunchTests.swift */,
			);
			path = "Do ItUITests";
			sourceTree = "<group>";
		};
		83CF9542292693C500772624 /* Views */ = {
			isa = PBXGroup;
			children = (
				83CF9543292693F100772624 /* ListView.swift */,
				83CF95452926955700772624 /* ListRowView.swift */,
				8349A89D2926FF5F00D5B9C2 /* AddView.swift */,
			);
			path = Views;
			sourceTree = "<group>";
		};
/* End PBXGroup section */

/* Begin PBXNativeTarget section */
		83CF95142926934D00772624 /* Do It */ = {
			isa = PBXNativeTarget;
			buildConfigurationList = 83CF95392926934E00772624 /* Build configuration list for PBXNativeTarget "Do It" */;
			buildPhases = (
				83CF95112926934D00772624 /* Sources */,
				83CF95122926934D00772624 /* Frameworks */,
				83CF95132926934D00772624 /* Resources */,
			);
			buildRules = (
			);
			dependencies = (
			);
			name = "Do It";
			productName = "Do It";
			productReference = 83CF95152926934D00772624 /* Do It.app */;
			productType = "com.apple.product-type.application";
		};
		83CF95242926934E00772624 /* Do ItTests */ = {
			isa = PBXNativeTarget;
			buildConfigurationList = 83CF953C2926934E00772624 /* Build configuration list for PBXNativeTarget "Do ItTests" */;
			buildPhases = (
				83CF95212926934E00772624 /* Sources */,
				83CF95222926934E00772624 /* Frameworks */,
				83CF95232926934E00772624 /* Resources */,
			);
			buildRules = (
			);
			dependencies = (
				83CF95272926934E00772624 /* PBXTargetDependency */,
			);
			name = "Do ItTests";
			productName = "Do ItTests";
			productReference = 83CF95252926934E00772624 /* Do ItTests.xctest */;
			productType = "com.apple.product-type.bundle.unit-test";
		};
		83CF952E2926934E00772624 /* Do ItUITests */ = {
			isa = PBXNativeTarget;
			buildConfigurationList = 83CF953F2926934E00772624 /* Build configuration list for PBXNativeTarget "Do ItUITests" */;
			buildPhases = (
				83CF952B2926934E00772624 /* Sources */,
				83CF952C2926934E00772624 /* Frameworks */,
				83CF952D2926934E00772624 /* Resources */,
			);
			buildRules = (
			);
			dependencies = (
				83CF95312926934E00772624 /* PBXTargetDependency */,
			);
			name = "Do ItUITests";
			productName = "Do ItUITests";
			productReference = 83CF952F2926934E00772624 /* Do ItUITests.xctest */;
			productType = "com.apple.product-type.bundle.ui-testing";
		};
/* End PBXNativeTarget section */

/* Begin PBXProject section */
		83CF950D2926934D00772624 /* Project object */ = {
			isa = PBXProject;
			attributes = {
				BuildIndependentTargetsInParallel = 1;
				LastSwiftUpdateCheck = 1410;
				LastUpgradeCheck = 1410;
				TargetAttributes = {
					83CF95142926934D00772624 = {
						CreatedOnToolsVersion = 14.1;
					};
					83CF95242926934E00772624 = {
						CreatedOnToolsVersion = 14.1;
						TestTargetID = 83CF95142926934D00772624;
					};
					83CF952E2926934E00772624 = {
						CreatedOnToolsVersion = 14.1;
						TestTargetID = 83CF95142926934D00772624;
					};
				};
			};
			buildConfigurationList = 83CF95102926934D00772624 /* Build configuration list for PBXProject "Do It" */;
			compatibilityVersion = "Xcode 14.0";
			developmentRegion = en;
			hasScannedForEncodings = 0;
			knownRegions = (
				en,
				Base,
			);
			mainGroup = 83CF950C2926934D00772624;
			productRefGroup = 83CF95162926934D00772624 /* Products */;
			projectDirPath = "";
			projectRoot = "";
			targets = (
				83CF95142926934D00772624 /* Do It */,
				83CF95242926934E00772624 /* Do ItTests */,
				83CF952E2926934E00772624 /* Do ItUITests */,
			);
		};
/* End PBXProject section */

/* Begin PBXResourcesBuildPhase section */
		83CF95132926934D00772624 /* Resources */ = {
			isa = PBXResourcesBuildPhase;
			buildActionMask = 2147483647;
			files = (
				83CF95202926934E00772624 /* Preview Assets.xcassets in Resources */,
				83CF951D2926934E00772624 /* Assets.xcassets in Resources */,
			);
			runOnlyForDeploymentPostprocessing = 0;
		};
		83CF95232926934E00772624 /* Resources */ = {
			isa = PBXResourcesBuildPhase;
			buildActionMask = 2147483647;
			files = (
			);
			runOnlyForDeploymentPostprocessing = 0;
		};
		83CF952D2926934E00772624 /* Resources */ = {
			isa = PBXResourcesBuildPhase;
			buildActionMask = 2147483647;
			files = (
			);
			runOnlyForDeploymentPostprocessing = 0;
		};
/* End PBXResourcesBuildPhase section */

/* Begin PBXSourcesBuildPhase section */
		83CF95112926934D00772624 /* Sources */ = {
			isa = PBXSourcesBuildPhase;
			buildActionMask = 2147483647;
			files = (
				8349A8A1292706E800D5B9C2 /* ItemModel.swift in Sources */,
				8349A89E2926FF5F00D5B9C2 /* AddView.swift in Sources */,
				83CF95192926934D00772624 /* Do_ItApp.swift in Sources */,
				83CF9544292693F100772624 /* ListView.swift in Sources */,
				83CF95462926955700772624 /* ListRowView.swift in Sources */,
			);
			runOnlyForDeploymentPostprocessing = 0;
		};
		83CF95212926934E00772624 /* Sources */ = {
			isa = PBXSourcesBuildPhase;
			buildActionMask = 2147483647;
			files = (
				83CF952A2926934E00772624 /* Do_ItTests.swift in Sources */,
			);
			runOnlyForDeploymentPostprocessing = 0;
		};
		83CF952B2926934E00772624 /* Sources */ = {
			isa = PBXSourcesBuildPhase;
			buildActionMask = 2147483647;
			files = (
				83CF95362926934E00772624 /* Do_ItUITestsLaunchTests.swift in Sources */,
				83CF95342926934E00772624 /* Do_ItUITests.swift in Sources */,
			);
			runOnlyForDeploymentPostprocessing = 0;
		};
/* End PBXSourcesBuildPhase section */

/* Begin PBXTargetDependency section */
		83CF95272926934E00772624 /* PBXTargetDependency */ = {
			isa = PBXTargetDependency;
			target = 83CF95142926934D00772624 /* Do It */;
			targetProxy = 83CF95262926934E00772624 /* PBXContainerItemProxy */;
		};
		83CF95312926934E00772624 /* PBXTargetDependency */ = {
			isa = PBXTargetDependency;
			target = 83CF95142926934D00772624 /* Do It */;
			targetProxy = 83CF95302926934E00772624 /* PBXContainerItemProxy */;
		};
/* End PBXTargetDependency section */

/* Begin XCBuildConfiguration section */
		83CF95372926934E00772624 /* Debug */ = {
			isa = XCBuildConfiguration;
			buildSettings = {
				ALWAYS_SEARCH_USER_PATHS = NO;
				CLANG_ANALYZER_NONNULL = YES;
				CLANG_ANALYZER_NUMBER_OBJECT_CONVERSION = YES_AGGRESSIVE;
				CLANG_CXX_LANGUAGE_STANDARD = "gnu++20";
				CLANG_ENABLE_MODULES = YES;
				CLANG_ENABLE_OBJC_ARC = YES;
				CLANG_ENABLE_OBJC_WEAK = YES;
				CLANG_WARN_BLOCK_CAPTURE_AUTORELEASING = YES;
				CLANG_WARN_BOOL_CONVERSION = YES;
				CLANG_WARN_COMMA = YES;
				CLANG_WARN_CONSTANT_CONVERSION = YES;
				CLANG_WARN_DEPRECATED_OBJC_IMPLEMENTATIONS = YES;
				CLANG_WARN_DIRECT_OBJC_ISA_USAGE = YES_ERROR;
				CLANG_WARN_DOCUMENTATION_COMMENTS = YES;
				CLANG_WARN_EMPTY_BODY = YES;
				CLANG_WARN_ENUM_CONVERSION = YES;
				CLANG_WARN_INFINITE_RECURSION = YES;
				CLANG_WARN_INT_CONVERSION = YES;
				CLANG_WARN_NON_LITERAL_NULL_CONVERSION = YES;
				CLANG_WARN_OBJC_IMPLICIT_RETAIN_SELF = YES;
				CLANG_WARN_OBJC_LITERAL_CONVERSION = YES;
				CLANG_WARN_OBJC_ROOT_CLASS = YES_ERROR;
				CLANG_WARN_QUOTED_INCLUDE_IN_FRAMEWORK_HEADER = YES;
				CLANG_WARN_RANGE_LOOP_ANALYSIS = YES;
				CLANG_WARN_STRICT_PROTOTYPES = YES;
				CLANG_WARN_SUSPICIOUS_MOVE = YES;
				CLANG_WARN_UNGUARDED_AVAILABILITY = YES_AGGRESSIVE;
				CLANG_WARN_UNREACHABLE_CODE = YES;
				CLANG_WARN__DUPLICATE_METHOD_MATCH = YES;
				COPY_PHASE_STRIP = NO;
				DEBUG_INFORMATION_FORMAT = dwarf;
				ENABLE_STRICT_OBJC_MSGSEND = YES;
				ENABLE_TESTABILITY = YES;
				GCC_C_LANGUAGE_STANDARD = gnu11;
				GCC_DYNAMIC_NO_PIC = NO;
				GCC_NO_COMMON_BLOCKS = YES;
				GCC_OPTIMIZATION_LEVEL = 0;
				GCC_PREPROCESSOR_DEFINITIONS = (
					"DEBUG=1",
					"$(inherited)",
				);
				GCC_WARN_64_TO_32_BIT_CONVERSION = YES;
				GCC_WARN_ABOUT_RETURN_TYPE = YES_ERROR;
				GCC_WARN_UNDECLARED_SELECTOR = YES;
				GCC_WARN_UNINITIALIZED_AUTOS = YES_AGGRESSIVE;
				GCC_WARN_UNUSED_FUNCTION = YES;
				GCC_WARN_UNUSED_VARIABLE = YES;
				IPHONEOS_DEPLOYMENT_TARGET = 16.1;
				MTL_ENABLE_DEBUG_INFO = INCLUDE_SOURCE;
				MTL_FAST_MATH = YES;
				ONLY_ACTIVE_ARCH = YES;
				SDKROOT = iphoneos;
				SWIFT_ACTIVE_COMPILATION_CONDITIONS = DEBUG;
				SWIFT_OPTIMIZATION_LEVEL = "-Onone";
			};
			name = Debug;
		};
		83CF95382926934E00772624 /* Release */ = {
			isa = XCBuildConfiguration;
			buildSettings = {
				ALWAYS_SEARCH_USER_PATHS = NO;
				CLANG_ANALYZER_NONNULL = YES;
				CLANG_ANALYZER_NUMBER_OBJECT_CONVERSION = YES_AGGRESSIVE;
				CLANG_CXX_LANGUAGE_STANDARD = "gnu++20";
				CLANG_ENABLE_MODULES = YES;
				CLANG_ENABLE_OBJC_ARC = YES;
				CLANG_ENABLE_OBJC_WEAK = YES;
				CLANG_WARN_BLOCK_CAPTURE_AUTORELEASING = YES;
				CLANG_WARN_BOOL_CONVERSION = YES;
				CLANG_WARN_COMMA = YES;
				CLANG_WARN_CONSTANT_CONVERSION = YES;
				CLANG_WARN_DEPRECATED_OBJC_IMPLEMENTATIONS = YES;
				CLANG_WARN_DIRECT_OBJC_ISA_USAGE = YES_ERROR;
				CLANG_WARN_DOCUMENTATION_COMMENTS = YES;
				CLANG_WARN_EMPTY_BODY = YES;
				CLANG_WARN_ENUM_CONVERSION = YES;
				CLANG_WARN_INFINITE_RECURSION = YES;
				CLANG_WARN_INT_CONVERSION = YES;
				CLANG_WARN_NON_LITERAL_NULL_CONVERSION = YES;
				CLANG_WARN_OBJC_IMPLICIT_RETAIN_SELF = YES;
				CLANG_WARN_OBJC_LITERAL_CONVERSION = YES;
				CLANG_WARN_OBJC_ROOT_CLASS = YES_ERROR;
				CLANG_WARN_QUOTED_INCLUDE_IN_FRAMEWORK_HEADER = YES;
				CLANG_WARN_RANGE_LOOP_ANALYSIS = YES;
				CLANG_WARN_STRICT_PROTOTYPES = YES;
				CLANG_WARN_SUSPICIOUS_MOVE = YES;
				CLANG_WARN_UNGUARDED_AVAILABILITY = YES_AGGRESSIVE;
				CLANG_WARN_UNREACHABLE_CODE = YES;
				CLANG_WARN__DUPLICATE_METHOD_MATCH = YES;
				COPY_PHASE_STRIP = NO;
				DEBUG_INFORMATION_FORMAT = "dwarf-with-dsym";
				ENABLE_NS_ASSERTIONS = NO;
				ENABLE_STRICT_OBJC_MSGSEND = YES;
				GCC_C_LANGUAGE_STANDARD = gnu11;
				GCC_NO_COMMON_BLOCKS = YES;
				GCC_WARN_64_TO_32_BIT_CONVERSION = YES;
				GCC_WARN_ABOUT_RETURN_TYPE = YES_ERROR;
				GCC_WARN_UNDECLARED_SELECTOR = YES;
				GCC_WARN_UNINITIALIZED_AUTOS = YES_AGGRESSIVE;
				GCC_WARN_UNUSED_FUNCTION = YES;
				GCC_WARN_UNUSED_VARIABLE = YES;
				IPHONEOS_DEPLOYMENT_TARGET = 16.1;
				MTL_ENABLE_DEBUG_INFO = NO;
				MTL_FAST_MATH = YES;
				SDKROOT = iphoneos;
				SWIFT_COMPILATION_MODE = wholemodule;
				SWIFT_OPTIMIZATION_LEVEL = "-O";
				VALIDATE_PRODUCT = YES;
			};
			name = Release;
		};
		83CF953A2926934E00772624 /* Debug */ = {
			isa = XCBuildConfiguration;
			buildSettings = {
				ASSETCATALOG_COMPILER_APPICON_NAME = AppIcon;
				ASSETCATALOG_COMPILER_GLOBAL_ACCENT_COLOR_NAME = AccentColor;
				CODE_SIGN_STYLE = Automatic;
				CURRENT_PROJECT_VERSION = 1;
				DEVELOPMENT_ASSET_PATHS = "\"Do It/Preview Content\"";
				ENABLE_PREVIEWS = YES;
				GENERATE_INFOPLIST_FILE = YES;
				INFOPLIST_KEY_UIApplicationSceneManifest_Generation = YES;
				INFOPLIST_KEY_UIApplicationSupportsIndirectInputEvents = YES;
				INFOPLIST_KEY_UILaunchScreen_Generation = YES;
				INFOPLIST_KEY_UISupportedInterfaceOrientations_iPad = "UIInterfaceOrientationPortrait UIInterfaceOrientationPortraitUpsideDown UIInterfaceOrientationLandscapeLeft UIInterfaceOrientationLandscapeRight";
				INFOPLIST_KEY_UISupportedInterfaceOrientations_iPhone = "UIInterfaceOrientationPortrait UIInterfaceOrientationLandscapeLeft UIInterfaceOrientationLandscapeRight";
				LD_RUNPATH_SEARCH_PATHS = (
					"$(inherited)",
					"@executable_path/Frameworks",
				);
				MARKETING_VERSION = 1.0;
				PRODUCT_BUNDLE_IDENTIFIER = "CanApps.Do-It";
				PRODUCT_NAME = "$(TARGET_NAME)";
				SWIFT_EMIT_LOC_STRINGS = YES;
				SWIFT_VERSION = 5.0;
				TARGETED_DEVICE_FAMILY = "1,2";
			};
			name = Debug;
		};
		83CF953B2926934E00772624 /* Release */ = {
			isa = XCBuildConfiguration;
			buildSettings = {
				ASSETCATALOG_COMPILER_APPICON_NAME = AppIcon;
				ASSETCATALOG_COMPILER_GLOBAL_ACCENT_COLOR_NAME = AccentColor;
				CODE_SIGN_STYLE = Automatic;
				CURRENT_PROJECT_VERSION = 1;
				DEVELOPMENT_ASSET_PATHS = "\"Do It/Preview Content\"";
				ENABLE_PREVIEWS = YES;
				GENERATE_INFOPLIST_FILE = YES;
				INFOPLIST_KEY_UIApplicationSceneManifest_Generation = YES;
				INFOPLIST_KEY_UIApplicationSupportsIndirectInputEvents = YES;
				INFOPLIST_KEY_UILaunchScreen_Generation = YES;
				INFOPLIST_KEY_UISupportedInterfaceOrientations_iPad = "UIInterfaceOrientationPortrait UIInterfaceOrientationPortraitUpsideDown UIInterfaceOrientationLandscapeLeft UIInterfaceOrientationLandscapeRight";
				INFOPLIST_KEY_UISupportedInterfaceOrientations_iPhone = "UIInterfaceOrientationPortrait UIInterfaceOrientationLandscapeLeft UIInterfaceOrientationLandscapeRight";
				LD_RUNPATH_SEARCH_PATHS = (
					"$(inherited)",
					"@executable_path/Frameworks",
				);
				MARKETING_VERSION = 1.0;
				PRODUCT_BUNDLE_IDENTIFIER = "CanApps.Do-It";
				PRODUCT_NAME = "$(TARGET_NAME)";
				SWIFT_EMIT_LOC_STRINGS = YES;
				SWIFT_VERSION = 5.0;
				TARGETED_DEVICE_FAMILY = "1,2";
			};
			name = Release;
		};
		83CF953D2926934E00772624 /* Debug */ = {
			isa = XCBuildConfiguration;
			buildSettings = {
				ALWAYS_EMBED_SWIFT_STANDARD_LIBRARIES = YES;
				BUNDLE_LOADER = "$(TEST_HOST)";
				CODE_SIGN_STYLE = Automatic;
				CURRENT_PROJECT_VERSION = 1;
				GENERATE_INFOPLIST_FILE = YES;
				IPHONEOS_DEPLOYMENT_TARGET = 16.1;
				MARKETING_VERSION = 1.0;
				PRODUCT_BUNDLE_IDENTIFIER = "CanApps.Do-ItTests";
				PRODUCT_NAME = "$(TARGET_NAME)";
				SWIFT_EMIT_LOC_STRINGS = NO;
				SWIFT_VERSION = 5.0;
				TARGETED_DEVICE_FAMILY = "1,2";
				TEST_HOST = "$(BUILT_PRODUCTS_DIR)/Do It.app/$(BUNDLE_EXECUTABLE_FOLDER_PATH)/Do It";
			};
			name = Debug;
		};
		83CF953E2926934E00772624 /* Release */ = {
			isa = XCBuildConfiguration;
			buildSettings = {
				ALWAYS_EMBED_SWIFT_STANDARD_LIBRARIES = YES;
				BUNDLE_LOADER = "$(TEST_HOST)";
				CODE_SIGN_STYLE = Automatic;
				CURRENT_PROJECT_VERSION = 1;
				GENERATE_INFOPLIST_FILE = YES;
				IPHONEOS_DEPLOYMENT_TARGET = 16.1;
				MARKETING_VERSION = 1.0;
				PRODUCT_BUNDLE_IDENTIFIER = "CanApps.Do-ItTests";
				PRODUCT_NAME = "$(TARGET_NAME)";
				SWIFT_EMIT_LOC_STRINGS = NO;
				SWIFT_VERSION = 5.0;
				TARGETED_DEVICE_FAMILY = "1,2";
				TEST_HOST = "$(BUILT_PRODUCTS_DIR)/Do It.app/$(BUNDLE_EXECUTABLE_FOLDER_PATH)/Do It";
			};
			name = Release;
		};
		83CF95402926934E00772624 /* Debug */ = {
			isa = XCBuildConfiguration;
			buildSettings = {
				ALWAYS_EMBED_SWIFT_STANDARD_LIBRARIES = YES;
				CODE_SIGN_STYLE = Automatic;
				CURRENT_PROJECT_VERSION = 1;
				GENERATE_INFOPLIST_FILE = YES;
				MARKETING_VERSION = 1.0;
				PRODUCT_BUNDLE_IDENTIFIER = "CanApps.Do-ItUITests";
				PRODUCT_NAME = "$(TARGET_NAME)";
				SWIFT_EMIT_LOC_STRINGS = NO;
				SWIFT_VERSION = 5.0;
				TARGETED_DEVICE_FAMILY = "1,2";
				TEST_TARGET_NAME = "Do It";
			};
			name = Debug;
		};
		83CF95412926934E00772624 /* Release */ = {
			isa = XCBuildConfiguration;
			buildSettings = {
				ALWAYS_EMBED_SWIFT_STANDARD_LIBRARIES = YES;
				CODE_SIGN_STYLE = Automatic;
				CURRENT_PROJECT_VERSION = 1;
				GENERATE_INFOPLIST_FILE = YES;
				MARKETING_VERSION = 1.0;
				PRODUCT_BUNDLE_IDENTIFIER = "CanApps.Do-ItUITests";
				PRODUCT_NAME = "$(TARGET_NAME)";
				SWIFT_EMIT_LOC_STRINGS = NO;
				SWIFT_VERSION = 5.0;
				TARGETED_DEVICE_FAMILY = "1,2";
				TEST_TARGET_NAME = "Do It";
			};
			name = Release;
		};
/* End XCBuildConfiguration section */

/* Begin XCConfigurationList section */
		83CF95102926934D00772624 /* Build configuration list for PBXProject "Do It" */ = {
			isa = XCConfigurationList;
			buildConfigurations = (
				83CF95372926934E00772624 /* Debug */,
				83CF95382926934E00772624 /* Release */,
			);
			defaultConfigurationIsVisible = 0;
			defaultConfigurationName = Release;
		};
		83CF95392926934E00772624 /* Build configuration list for PBXNativeTarget "Do It" */ = {
			isa = XCConfigurationList;
			buildConfigurations = (
				83CF953A2926934E00772624 /* Debug */,
				83CF953B2926934E00772624 /* Release */,
			);
			defaultConfigurationIsVisible = 0;
			defaultConfigurationName = Release;
		};
		83CF953C2926934E00772624 /* Build configuration list for PBXNativeTarget "Do ItTests" */ = {
			isa = XCConfigurationList;
			buildConfigurations = (
				83CF953D2926934E00772624 /* Debug */,
				83CF953E2926934E00772624 /* Release */,
			);
			defaultConfigurationIsVisible = 0;
			defaultConfigurationName = Release;
		};
		83CF953F2926934E00772624 /* Build configuration list for PBXNativeTarget "Do ItUITests" */ = {
			isa = XCConfigurationList;
			buildConfigurations = (
				83CF95402926934E00772624 /* Debug */,
				83CF95412926934E00772624 /* Release */,
			);
			defaultConfigurationIsVisible = 0;
			defaultConfigurationName = Release;
		};
/* End XCConfigurationList section */
	};
	rootObject = 83CF950D2926934D00772624 /* Project object */;
}
